// !$*UTF8*$!
{
	archiveVersion = 1;
	classes = {
	};
	objectVersion = 46;
	objects = {

/* Begin PBXBuildFile section */
		4CE1752D1CFA7F6A0095349E /* SettingMain.plist in Resources */ = {isa = PBXBuildFile; fileRef = 4CE1752C1CFA7F6A0095349E /* SettingMain.plist */; };
		4CE175301CFA85A40095349E /* MyLotteryController.m in Sources */ = {isa = PBXBuildFile; fileRef = 4CE1752F1CFA85A40095349E /* MyLotteryController.m */; };
		4CE175331CFA86CA0095349E /* MainSettingController.m in Sources */ = {isa = PBXBuildFile; fileRef = 4CE175321CFA86CA0095349E /* MainSettingController.m */; };
		4CE175371CFA8E540095349E /* CodeViewController.m in Sources */ = {isa = PBXBuildFile; fileRef = 4CE175361CFA8E540095349E /* CodeViewController.m */; };
		4CE1753B1CFAC6D50095349E /* Push.plist in Resources */ = {isa = PBXBuildFile; fileRef = 4CE1753A1CFAC6D50095349E /* Push.plist */; };
		4CE1753D1CFAE0F30095349E /* Push1.plist in Resources */ = {isa = PBXBuildFile; fileRef = 4CE1753C1CFAE0F30095349E /* Push1.plist */; };
		4CE1753F1CFB01870095349E /* Push2.plist in Resources */ = {isa = PBXBuildFile; fileRef = 4CE1753E1CFB01870095349E /* Push2.plist */; };
		4CE175421CFB05410095349E /* ScoreSettingController.m in Sources */ = {isa = PBXBuildFile; fileRef = 4CE175411CFB05410095349E /* ScoreSettingController.m */; };
		4CE769641CF93296000E8271 /* UIView+NewFrame.m in Sources */ = {isa = PBXBuildFile; fileRef = 4CE769631CF93296000E8271 /* UIView+NewFrame.m */; };
		4CE769671CF936DD000E8271 /* HallViewController.m in Sources */ = {isa = PBXBuildFile; fileRef = 4CE769661CF936DD000E8271 /* HallViewController.m */; };
		4CE7696A1CF95DEE000E8271 /* TabBottomButton.m in Sources */ = {isa = PBXBuildFile; fileRef = 4CE769691CF95DEE000E8271 /* TabBottomButton.m */; };
		4CE7696D1CF95EDB000E8271 /* MyNavigationController.m in Sources */ = {isa = PBXBuildFile; fileRef = 4CE7696C1CF95EDB000E8271 /* MyNavigationController.m */; };
		4CE769701CF9632D000E8271 /* ArenaController.m in Sources */ = {isa = PBXBuildFile; fileRef = 4CE7696F1CF9632D000E8271 /* ArenaController.m */; };
		4CEFB63F1CF7FC4A006D84DF /* main.m in Sources */ = {isa = PBXBuildFile; fileRef = 4CEFB63E1CF7FC4A006D84DF /* main.m */; };
		4CEFB6421CF7FC4A006D84DF /* AppDelegate.m in Sources */ = {isa = PBXBuildFile; fileRef = 4CEFB6411CF7FC4A006D84DF /* AppDelegate.m */; };
		4CEFB64A1CF7FC4A006D84DF /* Assets.xcassets in Resources */ = {isa = PBXBuildFile; fileRef = 4CEFB6491CF7FC4A006D84DF /* Assets.xcassets */; };
		4CEFB64D1CF7FC4A006D84DF /* LaunchScreen.storyboard in Resources */ = {isa = PBXBuildFile; fileRef = 4CEFB64B1CF7FC4A006D84DF /* LaunchScreen.storyboard */; };
		4CEFB67C1CF8117C006D84DF /* Hall.storyboard in Resources */ = {isa = PBXBuildFile; fileRef = 4CEFB67B1CF8117C006D84DF /* Hall.storyboard */; };
		4CEFB67E1CF81196006D84DF /* Arena.storyboard in Resources */ = {isa = PBXBuildFile; fileRef = 4CEFB67D1CF81196006D84DF /* Arena.storyboard */; };
		4CEFB6801CF811AB006D84DF /* Discovery.storyboard in Resources */ = {isa = PBXBuildFile; fileRef = 4CEFB67F1CF811AB006D84DF /* Discovery.storyboard */; };
		4CEFB6821CF811BD006D84DF /* History.storyboard in Resources */ = {isa = PBXBuildFile; fileRef = 4CEFB6811CF811BD006D84DF /* History.storyboard */; };
		4CEFB6841CF811D2006D84DF /* MyLottery.storyboard in Resources */ = {isa = PBXBuildFile; fileRef = 4CEFB6831CF811D2006D84DF /* MyLottery.storyboard */; };
		4CEFB6861CF811E2006D84DF /* Guide.storyboard in Resources */ = {isa = PBXBuildFile; fileRef = 4CEFB6851CF811E2006D84DF /* Guide.storyboard */; };
		4CEFB6891CF82797006D84DF /* MyTabBarController.m in Sources */ = {isa = PBXBuildFile; fileRef = 4CEFB6881CF82797006D84DF /* MyTabBarController.m */; };
		4CEFB68C1CF82EEE006D84DF /* TabBottomView.m in Sources */ = {isa = PBXBuildFile; fileRef = 4CEFB68B1CF82EEE006D84DF /* TabBottomView.m */; };
		4CF72CD61CFBD4510064BF07 /* CoverView.m in Sources */ = {isa = PBXBuildFile; fileRef = 4CF72CD51CFBD4510064BF07 /* CoverView.m */; };
		4CF72D291CFBEBD80064BF07 /* CoverView.xib in Resources */ = {isa = PBXBuildFile; fileRef = 4CF72D281CFBEBD80064BF07 /* CoverView.xib */; };
		4CF72D2D1CFC0DE80064BF07 /* MySwitch.m in Sources */ = {isa = PBXBuildFile; fileRef = 4CF72D2C1CFC0DE80064BF07 /* MySwitch.m */; };
		4CF72D301CFC11B90064BF07 /* MyTableViewCell.m in Sources */ = {isa = PBXBuildFile; fileRef = 4CF72D2F1CFC11B90064BF07 /* MyTableViewCell.m */; };
		4CF72D331CFC1B6A0064BF07 /* Push3.plist in Resources */ = {isa = PBXBuildFile; fileRef = 4CF72D321CFC1B6A0064BF07 /* Push3.plist */; };
		4CF72D351CFC1B7E0064BF07 /* Push4.plist in Resources */ = {isa = PBXBuildFile; fileRef = 4CF72D341CFC1B7E0064BF07 /* Push4.plist */; };
		4CF72D371CFC215E0064BF07 /* Share.plist in Resources */ = {isa = PBXBuildFile; fileRef = 4CF72D361CFC215E0064BF07 /* Share.plist */; };
		4CF72D3B1CFC24BE0064BF07 /* ProductController.m in Sources */ = {isa = PBXBuildFile; fileRef = 4CF72D3A1CFC24BE0064BF07 /* ProductController.m */; };
		4CF72D3D1CFC29000064BF07 /* more_project.json in Resources */ = {isa = PBXBuildFile; fileRef = 4CF72D3C1CFC29000064BF07 /* more_project.json */; };
		4CF72D401CFC29870064BF07 /* ProductModel.m in Sources */ = {isa = PBXBuildFile; fileRef = 4CF72D3F1CFC29870064BF07 /* ProductModel.m */; };
		4CF72D441CFC2F7F0064BF07 /* ProductCell.m in Sources */ = {isa = PBXBuildFile; fileRef = 4CF72D421CFC2F7F0064BF07 /* ProductCell.m */; };
		4CF72D451CFC2F7F0064BF07 /* ProductCell.xib in Resources */ = {isa = PBXBuildFile; fileRef = 4CF72D431CFC2F7F0064BF07 /* ProductCell.xib */; };
		4CFCE1A01CF9913A00991B4C /* AllLotteryController.m in Sources */ = {isa = PBXBuildFile; fileRef = 4CFCE19F1CF9913A00991B4C /* AllLotteryController.m */; };
		4CFCE1A31CF998C300991B4C /* AllLotteryButton.m in Sources */ = {isa = PBXBuildFile; fileRef = 4CFCE1A21CF998C300991B4C /* AllLotteryButton.m */; };
		4CFCE1A61CF9AFF600991B4C /* LuckNumController.m in Sources */ = {isa = PBXBuildFile; fileRef = 4CFCE1A51CF9AFF600991B4C /* LuckNumController.m */; };
/* End PBXBuildFile section */

/* Begin PBXFileReference section */
		4CE1752C1CFA7F6A0095349E /* SettingMain.plist */ = {isa = PBXFileReference; fileEncoding = 4; lastKnownFileType = text.plist.xml; path = SettingMain.plist; sourceTree = "<group>"; };
		4CE1752E1CFA85A40095349E /* MyLotteryController.h */ = {isa = PBXFileReference; fileEncoding = 4; lastKnownFileType = sourcecode.c.h; path = MyLotteryController.h; sourceTree = "<group>"; };
		4CE1752F1CFA85A40095349E /* MyLotteryController.m */ = {isa = PBXFileReference; fileEncoding = 4; lastKnownFileType = sourcecode.c.objc; path = MyLotteryController.m; sourceTree = "<group>"; };
		4CE175311CFA86CA0095349E /* MainSettingController.h */ = {isa = PBXFileReference; fileEncoding = 4; lastKnownFileType = sourcecode.c.h; path = MainSettingController.h; sourceTree = "<group>"; };
		4CE175321CFA86CA0095349E /* MainSettingController.m */ = {isa = PBXFileReference; fileEncoding = 4; lastKnownFileType = sourcecode.c.objc; path = MainSettingController.m; sourceTree = "<group>"; };
		4CE175351CFA8E540095349E /* CodeViewController.h */ = {isa = PBXFileReference; fileEncoding = 4; lastKnownFileType = sourcecode.c.h; path = CodeViewController.h; sourceTree = "<group>"; };
		4CE175361CFA8E540095349E /* CodeViewController.m */ = {isa = PBXFileReference; fileEncoding = 4; lastKnownFileType = sourcecode.c.objc; path = CodeViewController.m; sourceTree = "<group>"; };
		4CE1753A1CFAC6D50095349E /* Push.plist */ = {isa = PBXFileReference; fileEncoding = 4; lastKnownFileType = text.plist.xml; path = Push.plist; sourceTree = "<group>"; };
		4CE1753C1CFAE0F30095349E /* Push1.plist */ = {isa = PBXFileReference; fileEncoding = 4; lastKnownFileType = text.plist.xml; path = Push1.plist; sourceTree = "<group>"; };
		4CE1753E1CFB01870095349E /* Push2.plist */ = {isa = PBXFileReference; fileEncoding = 4; lastKnownFileType = text.plist.xml; path = Push2.plist; sourceTree = "<group>"; };
		4CE175401CFB05410095349E /* ScoreSettingController.h */ = {isa = PBXFileReference; fileEncoding = 4; lastKnownFileType = sourcecode.c.h; path = ScoreSettingController.h; sourceTree = "<group>"; };
		4CE175411CFB05410095349E /* ScoreSettingController.m */ = {isa = PBXFileReference; fileEncoding = 4; lastKnownFileType = sourcecode.c.objc; path = ScoreSettingController.m; sourceTree = "<group>"; };
		4CE769621CF93296000E8271 /* UIView+NewFrame.h */ = {isa = PBXFileReference; fileEncoding = 4; lastKnownFileType = sourcecode.c.h; path = "UIView+NewFrame.h"; sourceTree = "<group>"; };
		4CE769631CF93296000E8271 /* UIView+NewFrame.m */ = {isa = PBXFileReference; fileEncoding = 4; lastKnownFileType = sourcecode.c.objc; path = "UIView+NewFrame.m"; sourceTree = "<group>"; };
		4CE769651CF936DD000E8271 /* HallViewController.h */ = {isa = PBXFileReference; fileEncoding = 4; lastKnownFileType = sourcecode.c.h; path = HallViewController.h; sourceTree = "<group>"; };
		4CE769661CF936DD000E8271 /* HallViewController.m */ = {isa = PBXFileReference; fileEncoding = 4; lastKnownFileType = sourcecode.c.objc; path = HallViewController.m; sourceTree = "<group>"; };
		4CE769681CF95DEE000E8271 /* TabBottomButton.h */ = {isa = PBXFileReference; fileEncoding = 4; lastKnownFileType = sourcecode.c.h; path = TabBottomButton.h; sourceTree = "<group>"; };
		4CE769691CF95DEE000E8271 /* TabBottomButton.m */ = {isa = PBXFileReference; fileEncoding = 4; lastKnownFileType = sourcecode.c.objc; path = TabBottomButton.m; sourceTree = "<group>"; };
		4CE7696B1CF95EDB000E8271 /* MyNavigationController.h */ = {isa = PBXFileReference; fileEncoding = 4; lastKnownFileType = sourcecode.c.h; path = MyNavigationController.h; sourceTree = "<group>"; };
		4CE7696C1CF95EDB000E8271 /* MyNavigationController.m */ = {isa = PBXFileReference; fileEncoding = 4; lastKnownFileType = sourcecode.c.objc; path = MyNavigationController.m; sourceTree = "<group>"; };
		4CE7696E1CF9632D000E8271 /* ArenaController.h */ = {isa = PBXFileReference; fileEncoding = 4; lastKnownFileType = sourcecode.c.h; path = ArenaController.h; sourceTree = "<group>"; };
		4CE7696F1CF9632D000E8271 /* ArenaController.m */ = {isa = PBXFileReference; fileEncoding = 4; lastKnownFileType = sourcecode.c.objc; path = ArenaController.m; sourceTree = "<group>"; };
		4CEFB63A1CF7FC4A006D84DF /* 02-Lottery.app */ = {isa = PBXFileReference; explicitFileType = wrapper.application; includeInIndex = 0; path = "02-Lottery.app"; sourceTree = BUILT_PRODUCTS_DIR; };
		4CEFB63E1CF7FC4A006D84DF /* main.m */ = {isa = PBXFileReference; lastKnownFileType = sourcecode.c.objc; path = main.m; sourceTree = "<group>"; };
		4CEFB6401CF7FC4A006D84DF /* AppDelegate.h */ = {isa = PBXFileReference; lastKnownFileType = sourcecode.c.h; path = AppDelegate.h; sourceTree = "<group>"; };
		4CEFB6411CF7FC4A006D84DF /* AppDelegate.m */ = {isa = PBXFileReference; lastKnownFileType = sourcecode.c.objc; path = AppDelegate.m; sourceTree = "<group>"; };
		4CEFB6491CF7FC4A006D84DF /* Assets.xcassets */ = {isa = PBXFileReference; lastKnownFileType = folder.assetcatalog; path = Assets.xcassets; sourceTree = "<group>"; };
		4CEFB64C1CF7FC4A006D84DF /* Base */ = {isa = PBXFileReference; lastKnownFileType = file.storyboard; name = Base; path = Base.lproj/LaunchScreen.storyboard; sourceTree = "<group>"; };
		4CEFB64E1CF7FC4A006D84DF /* Info.plist */ = {isa = PBXFileReference; lastKnownFileType = text.plist.xml; path = Info.plist; sourceTree = "<group>"; };
		4CEFB67A1CF80FCE006D84DF /* PrefixHeader.pch */ = {isa = PBXFileReference; lastKnownFileType = sourcecode.c.h; path = PrefixHeader.pch; sourceTree = "<group>"; };
		4CEFB67B1CF8117C006D84DF /* Hall.storyboard */ = {isa = PBXFileReference; fileEncoding = 4; lastKnownFileType = file.storyboard; path = Hall.storyboard; sourceTree = "<group>"; };
		4CEFB67D1CF81196006D84DF /* Arena.storyboard */ = {isa = PBXFileReference; fileEncoding = 4; lastKnownFileType = file.storyboard; path = Arena.storyboard; sourceTree = "<group>"; };
		4CEFB67F1CF811AB006D84DF /* Discovery.storyboard */ = {isa = PBXFileReference; fileEncoding = 4; lastKnownFileType = file.storyboard; path = Discovery.storyboard; sourceTree = "<group>"; };
		4CEFB6811CF811BD006D84DF /* History.storyboard */ = {isa = PBXFileReference; fileEncoding = 4; lastKnownFileType = file.storyboard; path = History.storyboard; sourceTree = "<group>"; };
		4CEFB6831CF811D2006D84DF /* MyLottery.storyboard */ = {isa = PBXFileReference; fileEncoding = 4; lastKnownFileType = file.storyboard; path = MyLottery.storyboard; sourceTree = "<group>"; };
		4CEFB6851CF811E2006D84DF /* Guide.storyboard */ = {isa = PBXFileReference; fileEncoding = 4; lastKnownFileType = file.storyboard; path = Guide.storyboard; sourceTree = "<group>"; };
		4CEFB6871CF82797006D84DF /* MyTabBarController.h */ = {isa = PBXFileReference; fileEncoding = 4; lastKnownFileType = sourcecode.c.h; path = MyTabBarController.h; sourceTree = "<group>"; };
		4CEFB6881CF82797006D84DF /* MyTabBarController.m */ = {isa = PBXFileReference; fileEncoding = 4; lastKnownFileType = sourcecode.c.objc; path = MyTabBarController.m; sourceTree = "<group>"; };
		4CEFB68A1CF82EEE006D84DF /* TabBottomView.h */ = {isa = PBXFileReference; fileEncoding = 4; lastKnownFileType = sourcecode.c.h; path = TabBottomView.h; sourceTree = "<group>"; };
		4CEFB68B1CF82EEE006D84DF /* TabBottomView.m */ = {isa = PBXFileReference; fileEncoding = 4; lastKnownFileType = sourcecode.c.objc; path = TabBottomView.m; sourceTree = "<group>"; };
		4CEFB68D1CF83E2E006D84DF /* TabBottomViewDelegate.h */ = {isa = PBXFileReference; fileEncoding = 4; lastKnownFileType = sourcecode.c.h; path = TabBottomViewDelegate.h; sourceTree = "<group>"; };
		4CF72CD41CFBD4510064BF07 /* CoverView.h */ = {isa = PBXFileReference; fileEncoding = 4; lastKnownFileType = sourcecode.c.h; path = CoverView.h; sourceTree = "<group>"; };
		4CF72CD51CFBD4510064BF07 /* CoverView.m */ = {isa = PBXFileReference; fileEncoding = 4; lastKnownFileType = sourcecode.c.objc; path = CoverView.m; sourceTree = "<group>"; };
		4CF72D271CFBEB810064BF07 /* HallViewShowCoverDelegate.h */ = {isa = PBXFileReference; fileEncoding = 4; lastKnownFileType = sourcecode.c.h; path = HallViewShowCoverDelegate.h; sourceTree = "<group>"; };
		4CF72D281CFBEBD80064BF07 /* CoverView.xib */ = {isa = PBXFileReference; fileEncoding = 4; lastKnownFileType = file.xib; path = CoverView.xib; sourceTree = "<group>"; };
		4CF72D2A1CFBF2520064BF07 /* CoverViewCloseDelegate.h */ = {isa = PBXFileReference; fileEncoding = 4; lastKnownFileType = sourcecode.c.h; path = CoverViewCloseDelegate.h; sourceTree = "<group>"; };
		4CF72D2B1CFC0DE80064BF07 /* MySwitch.h */ = {isa = PBXFileReference; fileEncoding = 4; lastKnownFileType = sourcecode.c.h; path = MySwitch.h; sourceTree = "<group>"; };
		4CF72D2C1CFC0DE80064BF07 /* MySwitch.m */ = {isa = PBXFileReference; fileEncoding = 4; lastKnownFileType = sourcecode.c.objc; path = MySwitch.m; sourceTree = "<group>"; };
		4CF72D2E1CFC11B90064BF07 /* MyTableViewCell.h */ = {isa = PBXFileReference; fileEncoding = 4; lastKnownFileType = sourcecode.c.h; path = MyTableViewCell.h; sourceTree = "<group>"; };
		4CF72D2F1CFC11B90064BF07 /* MyTableViewCell.m */ = {isa = PBXFileReference; fileEncoding = 4; lastKnownFileType = sourcecode.c.objc; path = MyTableViewCell.m; sourceTree = "<group>"; };
		4CF72D321CFC1B6A0064BF07 /* Push3.plist */ = {isa = PBXFileReference; fileEncoding = 4; lastKnownFileType = text.plist.xml; path = Push3.plist; sourceTree = "<group>"; };
		4CF72D341CFC1B7E0064BF07 /* Push4.plist */ = {isa = PBXFileReference; fileEncoding = 4; lastKnownFileType = text.plist.xml; path = Push4.plist; sourceTree = "<group>"; };
		4CF72D361CFC215E0064BF07 /* Share.plist */ = {isa = PBXFileReference; fileEncoding = 4; lastKnownFileType = text.plist.xml; path = Share.plist; sourceTree = "<group>"; };
		4CF72D391CFC24BE0064BF07 /* ProductController.h */ = {isa = PBXFileReference; fileEncoding = 4; lastKnownFileType = sourcecode.c.h; path = ProductController.h; sourceTree = "<group>"; };
		4CF72D3A1CFC24BE0064BF07 /* ProductController.m */ = {isa = PBXFileReference; fileEncoding = 4; lastKnownFileType = sourcecode.c.objc; path = ProductController.m; sourceTree = "<group>"; };
		4CF72D3C1CFC29000064BF07 /* more_project.json */ = {isa = PBXFileReference; fileEncoding = 4; lastKnownFileType = text.json; path = more_project.json; sourceTree = "<group>"; };
		4CF72D3E1CFC29870064BF07 /* ProductModel.h */ = {isa = PBXFileReference; fileEncoding = 4; lastKnownFileType = sourcecode.c.h; path = ProductModel.h; sourceTree = "<group>"; };
		4CF72D3F1CFC29870064BF07 /* ProductModel.m */ = {isa = PBXFileReference; fileEncoding = 4; lastKnownFileType = sourcecode.c.objc; path = ProductModel.m; sourceTree = "<group>"; };
		4CF72D411CFC2F7F0064BF07 /* ProductCell.h */ = {isa = PBXFileReference; fileEncoding = 4; lastKnownFileType = sourcecode.c.h; path = ProductCell.h; sourceTree = "<group>"; };
		4CF72D421CFC2F7F0064BF07 /* ProductCell.m */ = {isa = PBXFileReference; fileEncoding = 4; lastKnownFileType = sourcecode.c.objc; path = ProductCell.m; sourceTree = "<group>"; };
		4CF72D431CFC2F7F0064BF07 /* ProductCell.xib */ = {isa = PBXFileReference; fileEncoding = 4; lastKnownFileType = file.xib; path = ProductCell.xib; sourceTree = "<group>"; };
		4CFCE19E1CF9913A00991B4C /* AllLotteryController.h */ = {isa = PBXFileReference; fileEncoding = 4; lastKnownFileType = sourcecode.c.h; path = AllLotteryController.h; sourceTree = "<group>"; };
		4CFCE19F1CF9913A00991B4C /* AllLotteryController.m */ = {isa = PBXFileReference; fileEncoding = 4; lastKnownFileType = sourcecode.c.objc; path = AllLotteryController.m; sourceTree = "<group>"; };
		4CFCE1A11CF998C300991B4C /* AllLotteryButton.h */ = {isa = PBXFileReference; fileEncoding = 4; lastKnownFileType = sourcecode.c.h; path = AllLotteryButton.h; sourceTree = "<group>"; };
		4CFCE1A21CF998C300991B4C /* AllLotteryButton.m */ = {isa = PBXFileReference; fileEncoding = 4; lastKnownFileType = sourcecode.c.objc; path = AllLotteryButton.m; sourceTree = "<group>"; };
		4CFCE1A41CF9AFF600991B4C /* LuckNumController.h */ = {isa = PBXFileReference; fileEncoding = 4; lastKnownFileType = sourcecode.c.h; path = LuckNumController.h; sourceTree = "<group>"; };
		4CFCE1A51CF9AFF600991B4C /* LuckNumController.m */ = {isa = PBXFileReference; fileEncoding = 4; lastKnownFileType = sourcecode.c.objc; path = LuckNumController.m; sourceTree = "<group>"; };
/* End PBXFileReference section */

/* Begin PBXFrameworksBuildPhase section */
		4CEFB6371CF7FC4A006D84DF /* Frameworks */ = {
			isa = PBXFrameworksBuildPhase;
			buildActionMask = 2147483647;
			files = (
			);
			runOnlyForDeploymentPostprocessing = 0;
		};
/* End PBXFrameworksBuildPhase section */

/* Begin PBXGroup section */
		4CE175341CFA8E190095349E /* Settings */ = {
			isa = PBXGroup;
			children = (
				4CF72D381CFC23910064BF07 /* CollectionViewController */,
				4CE175391CFAB1150095349E /* TableViewController */,
				4CE175381CFAB0FF0095349E /* ViewController */,
			);
			name = Settings;
			sourceTree = "<group>";
		};
		4CE175381CFAB0FF0095349E /* ViewController */ = {
			isa = PBXGroup;
			children = (
				4CE175351CFA8E540095349E /* CodeViewController.h */,
				4CE175361CFA8E540095349E /* CodeViewController.m */,
			);
			name = ViewController;
			sourceTree = "<group>";
		};
		4CE175391CFAB1150095349E /* TableViewController */ = {
			isa = PBXGroup;
			children = (
				4CE175311CFA86CA0095349E /* MainSettingController.h */,
				4CE175321CFA86CA0095349E /* MainSettingController.m */,
				4CE175401CFB05410095349E /* ScoreSettingController.h */,
				4CE175411CFB05410095349E /* ScoreSettingController.m */,
			);
			name = TableViewController;
			sourceTree = "<group>";
		};
		4CEFB6311CF7FC4A006D84DF = {
			isa = PBXGroup;
			children = (
				4CEFB63C1CF7FC4A006D84DF /* 02-Lottery */,
				4CEFB63B1CF7FC4A006D84DF /* Products */,
			);
			sourceTree = "<group>";
		};
		4CEFB63B1CF7FC4A006D84DF /* Products */ = {
			isa = PBXGroup;
			children = (
				4CEFB63A1CF7FC4A006D84DF /* 02-Lottery.app */,
			);
			name = Products;
			sourceTree = "<group>";
		};
		4CEFB63C1CF7FC4A006D84DF /* 02-Lottery */ = {
			isa = PBXGroup;
			children = (
				4CEFB65C1CF80D3A006D84DF /* 000-Guide(新特性) */,
				4CEFB65B1CF80D1E006D84DF /* 05-MyLottery(我的彩票) */,
				4CEFB65A1CF80CF6006D84DF /* 04-History(开奖) */,
				4CEFB6591CF80CD9006D84DF /* 03-Discovery(发现) */,
				4CEFB6581CF80CC0006D84DF /* 02-Arena(竞技场) */,
				4CEFB6571CF80C91006D84DF /* 01-Hall(大厅) */,
				4CEFB6551CF80C76006D84DF /* 00-Main(主体) */,
				4CEFB63D1CF7FC4A006D84DF /* Supporting Files */,
			);
			path = "02-Lottery";
			sourceTree = "<group>";
		};
		4CEFB63D1CF7FC4A006D84DF /* Supporting Files */ = {
			isa = PBXGroup;
			children = (
				4CF72D3C1CFC29000064BF07 /* more_project.json */,
				4CF72D311CFC1B410064BF07 /* SettingPlist */,
				4CE769621CF93296000E8271 /* UIView+NewFrame.h */,
				4CE769631CF93296000E8271 /* UIView+NewFrame.m */,
				4CEFB6491CF7FC4A006D84DF /* Assets.xcassets */,
				4CEFB64B1CF7FC4A006D84DF /* LaunchScreen.storyboard */,
				4CEFB64E1CF7FC4A006D84DF /* Info.plist */,
				4CEFB63E1CF7FC4A006D84DF /* main.m */,
				4CEFB67A1CF80FCE006D84DF /* PrefixHeader.pch */,
			);
			name = "Supporting Files";
			sourceTree = "<group>";
		};
		4CEFB6551CF80C76006D84DF /* 00-Main(主体) */ = {
			isa = PBXGroup;
			children = (
				4CEFB6611CF80DCD006D84DF /* Others */,
				4CEFB6601CF80DA0006D84DF /* Controllers */,
				4CEFB65E1CF80D83006D84DF /* Views */,
				4CEFB65D1CF80D7B006D84DF /* Models */,
			);
			name = "00-Main(主体)";
			sourceTree = "<group>";
		};
		4CEFB6571CF80C91006D84DF /* 01-Hall(大厅) */ = {
			isa = PBXGroup;
			children = (
				4CEFB6651CF80EB2006D84DF /* Others */,
				4CEFB6641CF80EA9006D84DF /* Controllers */,
				4CEFB6631CF80EA2006D84DF /* Views */,
				4CEFB6621CF80E99006D84DF /* Models */,
			);
			name = "01-Hall(大厅)";
			sourceTree = "<group>";
		};
		4CEFB6581CF80CC0006D84DF /* 02-Arena(竞技场) */ = {
			isa = PBXGroup;
			children = (
				4CEFB6691CF80EE7006D84DF /* Others */,
				4CEFB6681CF80EDF006D84DF /* Controllers */,
				4CEFB6671CF80ED8006D84DF /* Views */,
				4CEFB6661CF80EBE006D84DF /* Models */,
			);
			name = "02-Arena(竞技场)";
			sourceTree = "<group>";
		};
		4CEFB6591CF80CD9006D84DF /* 03-Discovery(发现) */ = {
			isa = PBXGroup;
			children = (
				4CEFB66D1CF80F12006D84DF /* Others */,
				4CEFB66C1CF80F09006D84DF /* Controllers */,
				4CEFB66B1CF80F01006D84DF /* Views */,
				4CEFB66A1CF80EFA006D84DF /* Models */,
			);
			name = "03-Discovery(发现)";
			sourceTree = "<group>";
		};
		4CEFB65A1CF80CF6006D84DF /* 04-History(开奖) */ = {
			isa = PBXGroup;
			children = (
				4CEFB6711CF80F39006D84DF /* Others */,
				4CEFB6701CF80F31006D84DF /* Controllers */,
				4CEFB66F1CF80F2B006D84DF /* Views */,
				4CEFB66E1CF80F25006D84DF /* Models */,
			);
			name = "04-History(开奖)";
			sourceTree = "<group>";
		};
		4CEFB65B1CF80D1E006D84DF /* 05-MyLottery(我的彩票) */ = {
			isa = PBXGroup;
			children = (
				4CEFB6751CF80F61006D84DF /* Others */,
				4CEFB6741CF80F58006D84DF /* Controllers */,
				4CEFB6731CF80F50006D84DF /* Views */,
				4CEFB6721CF80F43006D84DF /* Models */,
			);
			name = "05-MyLottery(我的彩票)";
			sourceTree = "<group>";
		};
		4CEFB65C1CF80D3A006D84DF /* 000-Guide(新特性) */ = {
			isa = PBXGroup;
			children = (
				4CEFB6791CF80F85006D84DF /* Others */,
				4CEFB6781CF80F7B006D84DF /* Controllers */,
				4CEFB6771CF80F75006D84DF /* Views */,
				4CEFB6761CF80F6F006D84DF /* Models */,
			);
			name = "000-Guide(新特性)";
			sourceTree = "<group>";
		};
		4CEFB65D1CF80D7B006D84DF /* Models */ = {
			isa = PBXGroup;
			children = (
			);
			name = Models;
			sourceTree = "<group>";
		};
		4CEFB65E1CF80D83006D84DF /* Views */ = {
			isa = PBXGroup;
			children = (
				4CEFB68A1CF82EEE006D84DF /* TabBottomView.h */,
				4CEFB68D1CF83E2E006D84DF /* TabBottomViewDelegate.h */,
				4CEFB68B1CF82EEE006D84DF /* TabBottomView.m */,
				4CE769681CF95DEE000E8271 /* TabBottomButton.h */,
				4CE769691CF95DEE000E8271 /* TabBottomButton.m */,
			);
			name = Views;
			sourceTree = "<group>";
		};
		4CEFB6601CF80DA0006D84DF /* Controllers */ = {
			isa = PBXGroup;
			children = (
				4CEFB6871CF82797006D84DF /* MyTabBarController.h */,
				4CEFB6881CF82797006D84DF /* MyTabBarController.m */,
				4CE7696B1CF95EDB000E8271 /* MyNavigationController.h */,
				4CE7696C1CF95EDB000E8271 /* MyNavigationController.m */,
			);
			name = Controllers;
			sourceTree = "<group>";
		};
		4CEFB6611CF80DCD006D84DF /* Others */ = {
			isa = PBXGroup;
			children = (
				4CEFB6401CF7FC4A006D84DF /* AppDelegate.h */,
				4CEFB6411CF7FC4A006D84DF /* AppDelegate.m */,
			);
			name = Others;
			sourceTree = "<group>";
		};
		4CEFB6621CF80E99006D84DF /* Models */ = {
			isa = PBXGroup;
			children = (
			);
			name = Models;
			sourceTree = "<group>";
		};
		4CEFB6631CF80EA2006D84DF /* Views */ = {
			isa = PBXGroup;
			children = (
				4CF72CD41CFBD4510064BF07 /* CoverView.h */,
				4CF72CD51CFBD4510064BF07 /* CoverView.m */,
				4CF72D281CFBEBD80064BF07 /* CoverView.xib */,
				4CF72D2A1CFBF2520064BF07 /* CoverViewCloseDelegate.h */,
			);
			name = Views;
			sourceTree = "<group>";
		};
		4CEFB6641CF80EA9006D84DF /* Controllers */ = {
			isa = PBXGroup;
			children = (
				4CEFB67B1CF8117C006D84DF /* Hall.storyboard */,
				4CE769651CF936DD000E8271 /* HallViewController.h */,
				4CF72D271CFBEB810064BF07 /* HallViewShowCoverDelegate.h */,
				4CE769661CF936DD000E8271 /* HallViewController.m */,
			);
			name = Controllers;
			sourceTree = "<group>";
		};
		4CEFB6651CF80EB2006D84DF /* Others */ = {
			isa = PBXGroup;
			children = (
			);
			name = Others;
			sourceTree = "<group>";
		};
		4CEFB6661CF80EBE006D84DF /* Models */ = {
			isa = PBXGroup;
			children = (
			);
			name = Models;
			sourceTree = "<group>";
		};
		4CEFB6671CF80ED8006D84DF /* Views */ = {
			isa = PBXGroup;
			children = (
			);
			name = Views;
			sourceTree = "<group>";
		};
		4CEFB6681CF80EDF006D84DF /* Controllers */ = {
			isa = PBXGroup;
			children = (
				4CEFB67D1CF81196006D84DF /* Arena.storyboard */,
				4CE7696E1CF9632D000E8271 /* ArenaController.h */,
				4CE7696F1CF9632D000E8271 /* ArenaController.m */,
			);
			name = Controllers;
			sourceTree = "<group>";
		};
		4CEFB6691CF80EE7006D84DF /* Others */ = {
			isa = PBXGroup;
			children = (
			);
			name = Others;
			sourceTree = "<group>";
		};
		4CEFB66A1CF80EFA006D84DF /* Models */ = {
			isa = PBXGroup;
			children = (
			);
			name = Models;
			sourceTree = "<group>";
		};
		4CEFB66B1CF80F01006D84DF /* Views */ = {
			isa = PBXGroup;
			children = (
				4CFCE1A11CF998C300991B4C /* AllLotteryButton.h */,
				4CFCE1A21CF998C300991B4C /* AllLotteryButton.m */,
			);
			name = Views;
			sourceTree = "<group>";
		};
		4CEFB66C1CF80F09006D84DF /* Controllers */ = {
			isa = PBXGroup;
			children = (
				4CEFB67F1CF811AB006D84DF /* Discovery.storyboard */,
				4CFCE19E1CF9913A00991B4C /* AllLotteryController.h */,
				4CFCE19F1CF9913A00991B4C /* AllLotteryController.m */,
				4CFCE1A41CF9AFF600991B4C /* LuckNumController.h */,
				4CFCE1A51CF9AFF600991B4C /* LuckNumController.m */,
			);
			name = Controllers;
			sourceTree = "<group>";
		};
		4CEFB66D1CF80F12006D84DF /* Others */ = {
			isa = PBXGroup;
			children = (
			);
			name = Others;
			sourceTree = "<group>";
		};
		4CEFB66E1CF80F25006D84DF /* Models */ = {
			isa = PBXGroup;
			children = (
			);
			name = Models;
			sourceTree = "<group>";
		};
		4CEFB66F1CF80F2B006D84DF /* Views */ = {
			isa = PBXGroup;
			children = (
			);
			name = Views;
			sourceTree = "<group>";
		};
		4CEFB6701CF80F31006D84DF /* Controllers */ = {
			isa = PBXGroup;
			children = (
				4CEFB6811CF811BD006D84DF /* History.storyboard */,
			);
			name = Controllers;
			sourceTree = "<group>";
		};
		4CEFB6711CF80F39006D84DF /* Others */ = {
			isa = PBXGroup;
			children = (
			);
			name = Others;
			sourceTree = "<group>";
		};
		4CEFB6721CF80F43006D84DF /* Models */ = {
			isa = PBXGroup;
			children = (
				4CF72D3E1CFC29870064BF07 /* ProductModel.h */,
				4CF72D3F1CFC29870064BF07 /* ProductModel.m */,
			);
			name = Models;
			sourceTree = "<group>";
		};
		4CEFB6731CF80F50006D84DF /* Views */ = {
			isa = PBXGroup;
			children = (
				4CF72D2B1CFC0DE80064BF07 /* MySwitch.h */,
				4CF72D2C1CFC0DE80064BF07 /* MySwitch.m */,
				4CF72D2E1CFC11B90064BF07 /* MyTableViewCell.h */,
				4CF72D2F1CFC11B90064BF07 /* MyTableViewCell.m */,
				4CF72D411CFC2F7F0064BF07 /* ProductCell.h */,
				4CF72D421CFC2F7F0064BF07 /* ProductCell.m */,
				4CF72D431CFC2F7F0064BF07 /* ProductCell.xib */,
			);
			name = Views;
			sourceTree = "<group>";
		};
		4CEFB6741CF80F58006D84DF /* Controllers */ = {
			isa = PBXGroup;
			children = (
				4CE175341CFA8E190095349E /* Settings */,
				4CEFB6831CF811D2006D84DF /* MyLottery.storyboard */,
				4CE1752E1CFA85A40095349E /* MyLotteryController.h */,
				4CE1752F1CFA85A40095349E /* MyLotteryController.m */,
			);
			name = Controllers;
			sourceTree = "<group>";
		};
		4CEFB6751CF80F61006D84DF /* Others */ = {
			isa = PBXGroup;
			children = (
			);
			name = Others;
			sourceTree = "<group>";
		};
		4CEFB6761CF80F6F006D84DF /* Models */ = {
			isa = PBXGroup;
			children = (
			);
			name = Models;
			sourceTree = "<group>";
		};
		4CEFB6771CF80F75006D84DF /* Views */ = {
			isa = PBXGroup;
			children = (
			);
			name = Views;
			sourceTree = "<group>";
		};
		4CEFB6781CF80F7B006D84DF /* Controllers */ = {
			isa = PBXGroup;
			children = (
				4CEFB6851CF811E2006D84DF /* Guide.storyboard */,
			);
			name = Controllers;
			sourceTree = "<group>";
		};
		4CEFB6791CF80F85006D84DF /* Others */ = {
			isa = PBXGroup;
			children = (
			);
			name = Others;
			sourceTree = "<group>";
		};
		4CF72D311CFC1B410064BF07 /* SettingPlist */ = {
			isa = PBXGroup;
			children = (
				4CE1752C1CFA7F6A0095349E /* SettingMain.plist */,
				4CE1753A1CFAC6D50095349E /* Push.plist */,
				4CE1753C1CFAE0F30095349E /* Push1.plist */,
				4CE1753E1CFB01870095349E /* Push2.plist */,
				4CF72D321CFC1B6A0064BF07 /* Push3.plist */,
				4CF72D341CFC1B7E0064BF07 /* Push4.plist */,
				4CF72D361CFC215E0064BF07 /* Share.plist */,
			);
			name = SettingPlist;
			sourceTree = "<group>";
		};
		4CF72D381CFC23910064BF07 /* CollectionViewController */ = {
			isa = PBXGroup;
			children = (
				4CF72D391CFC24BE0064BF07 /* ProductController.h */,
				4CF72D3A1CFC24BE0064BF07 /* ProductController.m */,
			);
			name = CollectionViewController;
			sourceTree = "<group>";
		};
/* End PBXGroup section */

/* Begin PBXNativeTarget section */
		4CEFB6391CF7FC4A006D84DF /* 02-Lottery */ = {
			isa = PBXNativeTarget;
			buildConfigurationList = 4CEFB6511CF7FC4A006D84DF /* Build configuration list for PBXNativeTarget "02-Lottery" */;
			buildPhases = (
				4CEFB6361CF7FC4A006D84DF /* Sources */,
				4CEFB6371CF7FC4A006D84DF /* Frameworks */,
				4CEFB6381CF7FC4A006D84DF /* Resources */,
			);
			buildRules = (
			);
			dependencies = (
			);
			name = "02-Lottery";
			productName = "02-Lottery";
			productReference = 4CEFB63A1CF7FC4A006D84DF /* 02-Lottery.app */;
			productType = "com.apple.product-type.application";
		};
/* End PBXNativeTarget section */

/* Begin PBXProject section */
		4CEFB6321CF7FC4A006D84DF /* Project object */ = {
			isa = PBXProject;
			attributes = {
				LastUpgradeCheck = 0730;
				ORGANIZATIONNAME = "王炯";
				TargetAttributes = {
					4CEFB6391CF7FC4A006D84DF = {
						CreatedOnToolsVersion = 7.3.1;
						DevelopmentTeam = B999UUFJ2V;
					};
				};
			};
			buildConfigurationList = 4CEFB6351CF7FC4A006D84DF /* Build configuration list for PBXProject "02-Lottery" */;
			compatibilityVersion = "Xcode 3.2";
			developmentRegion = English;
			hasScannedForEncodings = 0;
			knownRegions = (
				en,
				Base,
			);
			mainGroup = 4CEFB6311CF7FC4A006D84DF;
			productRefGroup = 4CEFB63B1CF7FC4A006D84DF /* Products */;
			projectDirPath = "";
			projectRoot = "";
			targets = (
				4CEFB6391CF7FC4A006D84DF /* 02-Lottery */,
			);
		};
/* End PBXProject section */

/* Begin PBXResourcesBuildPhase section */
		4CEFB6381CF7FC4A006D84DF /* Resources */ = {
			isa = PBXResourcesBuildPhase;
			buildActionMask = 2147483647;
			files = (
				4CEFB6801CF811AB006D84DF /* Discovery.storyboard in Resources */,
				4CF72D291CFBEBD80064BF07 /* CoverView.xib in Resources */,
				4CE1753D1CFAE0F30095349E /* Push1.plist in Resources */,
				4CEFB64D1CF7FC4A006D84DF /* LaunchScreen.storyboard in Resources */,
				4CF72D331CFC1B6A0064BF07 /* Push3.plist in Resources */,
				4CEFB64A1CF7FC4A006D84DF /* Assets.xcassets in Resources */,
				4CF72D3D1CFC29000064BF07 /* more_project.json in Resources */,
				4CE1752D1CFA7F6A0095349E /* SettingMain.plist in Resources */,
				4CEFB67E1CF81196006D84DF /* Arena.storyboard in Resources */,
				4CF72D451CFC2F7F0064BF07 /* ProductCell.xib in Resources */,
				4CF72D371CFC215E0064BF07 /* Share.plist in Resources */,
				4CEFB6841CF811D2006D84DF /* MyLottery.storyboard in Resources */,
				4CE1753B1CFAC6D50095349E /* Push.plist in Resources */,
				4CEFB6861CF811E2006D84DF /* Guide.storyboard in Resources */,
				4CEFB67C1CF8117C006D84DF /* Hall.storyboard in Resources */,
				4CEFB6821CF811BD006D84DF /* History.storyboard in Resources */,
				4CE1753F1CFB01870095349E /* Push2.plist in Resources */,
				4CF72D351CFC1B7E0064BF07 /* Push4.plist in Resources */,
			);
			runOnlyForDeploymentPostprocessing = 0;
		};
/* End PBXResourcesBuildPhase section */

/* Begin PBXSourcesBuildPhase section */
		4CEFB6361CF7FC4A006D84DF /* Sources */ = {
			isa = PBXSourcesBuildPhase;
			buildActionMask = 2147483647;
			files = (
				4CE175301CFA85A40095349E /* MyLotteryController.m in Sources */,
				4CE175421CFB05410095349E /* ScoreSettingController.m in Sources */,
				4CE175331CFA86CA0095349E /* MainSettingController.m in Sources */,
				4CEFB6421CF7FC4A006D84DF /* AppDelegate.m in Sources */,
				4CFCE1A31CF998C300991B4C /* AllLotteryButton.m in Sources */,
				4CE769671CF936DD000E8271 /* HallViewController.m in Sources */,
				4CEFB68C1CF82EEE006D84DF /* TabBottomView.m in Sources */,
				4CF72D441CFC2F7F0064BF07 /* ProductCell.m in Sources */,
				4CF72D3B1CFC24BE0064BF07 /* ProductController.m in Sources */,
				4CE769641CF93296000E8271 /* UIView+NewFrame.m in Sources */,
				4CFCE1A61CF9AFF600991B4C /* LuckNumController.m in Sources */,
				4CF72D2D1CFC0DE80064BF07 /* MySwitch.m in Sources */,
				4CE7696A1CF95DEE000E8271 /* TabBottomButton.m in Sources */,
				4CFCE1A01CF9913A00991B4C /* AllLotteryController.m in Sources */,
				4CF72D401CFC29870064BF07 /* ProductModel.m in Sources */,
				4CF72D301CFC11B90064BF07 /* MyTableViewCell.m in Sources */,
				4CE175371CFA8E540095349E /* CodeViewController.m in Sources */,
				4CE7696D1CF95EDB000E8271 /* MyNavigationController.m in Sources */,
				4CF72CD61CFBD4510064BF07 /* CoverView.m in Sources */,
				4CE769701CF9632D000E8271 /* ArenaController.m in Sources */,
				4CEFB63F1CF7FC4A006D84DF /* main.m in Sources */,
				4CEFB6891CF82797006D84DF /* MyTabBarController.m in Sources */,
			);
			runOnlyForDeploymentPostprocessing = 0;
		};
/* End PBXSourcesBuildPhase section */

/* Begin PBXVariantGroup section */
		4CEFB64B1CF7FC4A006D84DF /* LaunchScreen.storyboard */ = {
			isa = PBXVariantGroup;
			children = (
				4CEFB64C1CF7FC4A006D84DF /* Base */,
			);
			name = LaunchScreen.storyboard;
			sourceTree = "<group>";
		};
/* End PBXVariantGroup section */

/* Begin XCBuildConfiguration section */
		4CEFB64F1CF7FC4A006D84DF /* Debug */ = {
			isa = XCBuildConfiguration;
			buildSettings = {
				ALWAYS_SEARCH_USER_PATHS = NO;
				CLANG_ANALYZER_NONNULL = YES;
				CLANG_CXX_LANGUAGE_STANDARD = "gnu++0x";
				CLANG_CXX_LIBRARY = "libc++";
				CLANG_ENABLE_MODULES = YES;
				CLANG_ENABLE_OBJC_ARC = YES;
				CLANG_WARN_BOOL_CONVERSION = YES;
				CLANG_WARN_CONSTANT_CONVERSION = YES;
				CLANG_WARN_DIRECT_OBJC_ISA_USAGE = YES_ERROR;
				CLANG_WARN_EMPTY_BODY = YES;
				CLANG_WARN_ENUM_CONVERSION = YES;
				CLANG_WARN_INT_CONVERSION = YES;
				CLANG_WARN_OBJC_ROOT_CLASS = YES_ERROR;
				CLANG_WARN_UNREACHABLE_CODE = YES;
				CLANG_WARN__DUPLICATE_METHOD_MATCH = YES;
				"CODE_SIGN_IDENTITY[sdk=iphoneos*]" = "iPhone Developer";
				COPY_PHASE_STRIP = NO;
				DEBUG_INFORMATION_FORMAT = dwarf;
				ENABLE_STRICT_OBJC_MSGSEND = YES;
				ENABLE_TESTABILITY = YES;
				GCC_C_LANGUAGE_STANDARD = gnu99;
				GCC_DYNAMIC_NO_PIC = NO;
				GCC_NO_COMMON_BLOCKS = YES;
				GCC_OPTIMIZATION_LEVEL = 0;
				GCC_PREPROCESSOR_DEFINITIONS = (
					"DEBUG=1",
					"$(inherited)",
				);
				GCC_WARN_64_TO_32_BIT_CONVERSION = YES;
				GCC_WARN_ABOUT_RETURN_TYPE = YES_ERROR;
				GCC_WARN_UNDECLARED_SELECTOR = YES;
				GCC_WARN_UNINITIALIZED_AUTOS = YES_AGGRESSIVE;
				GCC_WARN_UNUSED_FUNCTION = YES;
				GCC_WARN_UNUSED_VARIABLE = YES;
				IPHONEOS_DEPLOYMENT_TARGET = 9.3;
				MTL_ENABLE_DEBUG_INFO = YES;
				ONLY_ACTIVE_ARCH = YES;
				SDKROOT = iphoneos;
			};
			name = Debug;
		};
		4CEFB6501CF7FC4A006D84DF /* Release */ = {
			isa = XCBuildConfiguration;
			buildSettings = {
				ALWAYS_SEARCH_USER_PATHS = NO;
				CLANG_ANALYZER_NONNULL = YES;
				CLANG_CXX_LANGUAGE_STANDARD = "gnu++0x";
				CLANG_CXX_LIBRARY = "libc++";
				CLANG_ENABLE_MODULES = YES;
				CLANG_ENABLE_OBJC_ARC = YES;
				CLANG_WARN_BOOL_CONVERSION = YES;
				CLANG_WARN_CONSTANT_CONVERSION = YES;
				CLANG_WARN_DIRECT_OBJC_ISA_USAGE = YES_ERROR;
				CLANG_WARN_EMPTY_BODY = YES;
				CLANG_WARN_ENUM_CONVERSION = YES;
				CLANG_WARN_INT_CONVERSION = YES;
				CLANG_WARN_OBJC_ROOT_CLASS = YES_ERROR;
				CLANG_WARN_UNREACHABLE_CODE = YES;
				CLANG_WARN__DUPLICATE_METHOD_MATCH = YES;
				"CODE_SIGN_IDENTITY[sdk=iphoneos*]" = "iPhone Developer";
				COPY_PHASE_STRIP = NO;
				DEBUG_INFORMATION_FORMAT = "dwarf-with-dsym";
				ENABLE_NS_ASSERTIONS = NO;
				ENABLE_STRICT_OBJC_MSGSEND = YES;
				GCC_C_LANGUAGE_STANDARD = gnu99;
				GCC_NO_COMMON_BLOCKS = YES;
				GCC_WARN_64_TO_32_BIT_CONVERSION = YES;
				GCC_WARN_ABOUT_RETURN_TYPE = YES_ERROR;
				GCC_WARN_UNDECLARED_SELECTOR = YES;
				GCC_WARN_UNINITIALIZED_AUTOS = YES_AGGRESSIVE;
				GCC_WARN_UNUSED_FUNCTION = YES;
				GCC_WARN_UNUSED_VARIABLE = YES;
				IPHONEOS_DEPLOYMENT_TARGET = 9.3;
				MTL_ENABLE_DEBUG_INFO = NO;
				SDKROOT = iphoneos;
				VALIDATE_PRODUCT = YES;
			};
			name = Release;
		};
		4CEFB6521CF7FC4A006D84DF /* Debug */ = {
			isa = XCBuildConfiguration;
			buildSettings = {
				ASSETCATALOG_COMPILER_APPICON_NAME = AppIcon;
				ASSETCATALOG_COMPILER_LAUNCHIMAGE_NAME = "Brand Assets";
				GCC_PREFIX_HEADER = "./02-Lottery/PrefixHeader.pch";
				INFOPLIST_FILE = "02-Lottery/Info.plist";
				IPHONEOS_DEPLOYMENT_TARGET = 8.0;
				LD_RUNPATH_SEARCH_PATHS = "$(inherited) @executable_path/Frameworks";
				PRODUCT_BUNDLE_IDENTIFIER = "net.cocoagame.-2-Lottery";
				PRODUCT_NAME = "$(TARGET_NAME)";
			};
			name = Debug;
		};
		4CEFB6531CF7FC4A006D84DF /* Release */ = {
			isa = XCBuildConfiguration;
			buildSettings = {
				ASSETCATALOG_COMPILER_APPICON_NAME = AppIcon;
				ASSETCATALOG_COMPILER_LAUNCHIMAGE_NAME = "Brand Assets";
				GCC_PREFIX_HEADER = "./02-Lottery/PrefixHeader.pch";
				INFOPLIST_FILE = "02-Lottery/Info.plist";
				IPHONEOS_DEPLOYMENT_TARGET = 8.0;
				LD_RUNPATH_SEARCH_PATHS = "$(inherited) @executable_path/Frameworks";
				PRODUCT_BUNDLE_IDENTIFIER = "net.cocoagame.-2-Lottery";
				PRODUCT_NAME = "$(TARGET_NAME)";
			};
			name = Release;
		};
/* End XCBuildConfiguration section */

/* Begin XCConfigurationList section */
		4CEFB6351CF7FC4A006D84DF /* Build configuration list for PBXProject "02-Lottery" */ = {
			isa = XCConfigurationList;
			buildConfigurations = (
				4CEFB64F1CF7FC4A006D84DF /* Debug */,
				4CEFB6501CF7FC4A006D84DF /* Release */,
			);
			defaultConfigurationIsVisible = 0;
			defaultConfigurationName = Release;
		};
		4CEFB6511CF7FC4A006D84DF /* Build configuration list for PBXNativeTarget "02-Lottery" */ = {
			isa = XCConfigurationList;
			buildConfigurations = (
				4CEFB6521CF7FC4A006D84DF /* Debug */,
				4CEFB6531CF7FC4A006D84DF /* Release */,
			);
			defaultConfigurationIsVisible = 0;
			defaultConfigurationName = Release;
		};
/* End XCConfigurationList section */
	};
	rootObject = 4CEFB6321CF7FC4A006D84DF /* Project object */;
}
